<Solution>
  <Project Path="SweetTrack.Auth.API/SweetTrack.Auth.API.csproj" />
  <Project Path="SweetTrack.Auth.Core/SweetTrack.Auth.Core.csproj" />
  <Project Path="SweetTrack.Auth.Data/SweetTrack.Auth.Data.csproj" />
  <Project Path="SweetTrack.Auth.Services/SweetTrack.Auth.Services.csproj" />
</Solution>
